
Microsoft Visual Studio Solution File, Format Version 12.00
# Visual Studio 15
VisualStudioVersion = 15.0.28307.136
MinimumVisualStudioVersion = 10.0.40219.1
Project("{9A19103F-16F7-4668-BE54-9A1E7A4F7556}") = "AllInMainMVC", "AllInMainMVC\AllInMainMVC.csproj", "{5D6E36BE-7DC4-4317-BFD7-7C16B5F3D0EA}"
EndProject
Project("{FAE04EC0-301F-11D3-BF4B-00C04F79EFBC}") = "AllInWebApi", "AllInWebApi\AllInWebApi.csproj", "{06E66712-B809-4658-8236-C819AF6F7467}"
EndProject
Project("{00D1A9C2-B5F0-4AF3-8072-F6C62B433612}") = "AllInDBSqlServer", "AllInDBSqlServer\AllInDBSqlServer.sqlproj", "{CA26E298-2A55-4AAC-9714-6B7E014C840D}"
EndProject
Project("{9A19103F-16F7-4668-BE54-9A1E7A4F7556}") = "AllInFrontEndAngular", "AllInFrontEndAngular\AllInFrontEndAngular.csproj", "{0EAB97C9-55C7-4C58-ADE2-0124A5A5D9B8}"
EndProject
Global
	GlobalSection(SolutionConfigurationPlatforms) = preSolution
		Debug|Any CPU = Debug|Any CPU
		Release|Any CPU = Release|Any CPU
	EndGlobalSection
	GlobalSection(ProjectConfigurationPlatforms) = postSolution
		{5D6E36BE-7DC4-4317-BFD7-7C16B5F3D0EA}.Debug|Any CPU.ActiveCfg = Debug|Any CPU
		{5D6E36BE-7DC4-4317-BFD7-7C16B5F3D0EA}.Debug|Any CPU.Build.0 = Debug|Any CPU
		{5D6E36BE-7DC4-4317-BFD7-7C16B5F3D0EA}.Release|Any CPU.ActiveCfg = Release|Any CPU
		{5D6E36BE-7DC4-4317-BFD7-7C16B5F3D0EA}.Release|Any CPU.Build.0 = Release|Any CPU
		{06E66712-B809-4658-8236-C819AF6F7467}.Debug|Any CPU.ActiveCfg = Debug|Any CPU
		{06E66712-B809-4658-8236-C819AF6F7467}.Debug|Any CPU.Build.0 = Debug|Any CPU
		{06E66712-B809-4658-8236-C819AF6F7467}.Release|Any CPU.ActiveCfg = Release|Any CPU
		{06E66712-B809-4658-8236-C819AF6F7467}.Release|Any CPU.Build.0 = Release|Any CPU
		{CA26E298-2A55-4AAC-9714-6B7E014C840D}.Debug|Any CPU.ActiveCfg = Debug|Any CPU
		{CA26E298-2A55-4AAC-9714-6B7E014C840D}.Debug|Any CPU.Build.0 = Debug|Any CPU
		{CA26E298-2A55-4AAC-9714-6B7E014C840D}.Debug|Any CPU.Deploy.0 = Debug|Any CPU
		{CA26E298-2A55-4AAC-9714-6B7E014C840D}.Release|Any CPU.ActiveCfg = Release|Any CPU
		{CA26E298-2A55-4AAC-9714-6B7E014C840D}.Release|Any CPU.Build.0 = Release|Any CPU
		{CA26E298-2A55-4AAC-9714-6B7E014C840D}.Release|Any CPU.Deploy.0 = Release|Any CPU
		{0EAB97C9-55C7-4C58-ADE2-0124A5A5D9B8}.Debug|Any CPU.ActiveCfg = Debug|Any CPU
		{0EAB97C9-55C7-4C58-ADE2-0124A5A5D9B8}.Debug|Any CPU.Build.0 = Debug|Any CPU
		{0EAB97C9-55C7-4C58-ADE2-0124A5A5D9B8}.Release|Any CPU.ActiveCfg = Release|Any CPU
		{0EAB97C9-55C7-4C58-ADE2-0124A5A5D9B8}.Release|Any CPU.Build.0 = Release|Any CPU
	EndGlobalSection
	GlobalSection(SolutionProperties) = preSolution
		HideSolutionNode = FALSE
	EndGlobalSection
	GlobalSection(ExtensibilityGlobals) = postSolution
		SolutionGuid = {8662EE75-3CCD-4697-A073-BD3CA7095944}
	EndGlobalSection
EndGlobal
